// !$*UTF8*$!
{
	archiveVersion = 1;
	classes = {
	};
	objectVersion = 56;
	objects = {

/* Begin PBXBuildFile section */
		55C25B952A60D8C700E52C5F /* HomeApp.swift in Sources */ = {isa = PBXBuildFile; fileRef = 55C25B942A60D8C700E52C5F /* HomeApp.swift */; };
		55C25B972A60D8C700E52C5F /* ContentView.swift in Sources */ = {isa = PBXBuildFile; fileRef = 55C25B962A60D8C700E52C5F /* ContentView.swift */; };
		55C25B992A60D8C800E52C5F /* Assets.xcassets in Resources */ = {isa = PBXBuildFile; fileRef = 55C25B982A60D8C800E52C5F /* Assets.xcassets */; };
		55C25B9D2A60D8C800E52C5F /* Preview Assets.xcassets in Resources */ = {isa = PBXBuildFile; fileRef = 55C25B9C2A60D8C800E52C5F /* Preview Assets.xcassets */; };
		55C25BA82A60FB6B00E52C5F /* WebSocket.swift in Sources */ = {isa = PBXBuildFile; fileRef = 55C25BA72A60FB6B00E52C5F /* WebSocket.swift */; };
		55C25BAB2A60FD8D00E52C5F /* Data in Frameworks */ = {isa = PBXBuildFile; productRef = 55C25BAA2A60FD8D00E52C5F /* Data */; };
		55E63B182A617164002068A5 /* URLSessionWebSocketTask+Stream.swift in Sources */ = {isa = PBXBuildFile; fileRef = 55E63B172A617164002068A5 /* URLSessionWebSocketTask+Stream.swift */; };
		55E63B1A2A618C88002068A5 /* AuthenticationMessage.swift in Sources */ = {isa = PBXBuildFile; fileRef = 55E63B192A618C88002068A5 /* AuthenticationMessage.swift */; };
		55E63B1D2A619025002068A5 /* Common in Frameworks */ = {isa = PBXBuildFile; productRef = 55E63B1C2A619025002068A5 /* Common */; };
		55E63B212A619059002068A5 /* Logger.swift in Sources */ = {isa = PBXBuildFile; fileRef = 55E63B202A619059002068A5 /* Logger.swift */; };
/* End PBXBuildFile section */

/* Begin PBXFileReference section */
		55C25B912A60D8C700E52C5F /* Home.app */ = {isa = PBXFileReference; explicitFileType = wrapper.application; includeInIndex = 0; path = Home.app; sourceTree = BUILT_PRODUCTS_DIR; };
		55C25B942A60D8C700E52C5F /* HomeApp.swift */ = {isa = PBXFileReference; lastKnownFileType = sourcecode.swift; path = HomeApp.swift; sourceTree = "<group>"; };
		55C25B962A60D8C700E52C5F /* ContentView.swift */ = {isa = PBXFileReference; lastKnownFileType = sourcecode.swift; path = ContentView.swift; sourceTree = "<group>"; };
		55C25B982A60D8C800E52C5F /* Assets.xcassets */ = {isa = PBXFileReference; lastKnownFileType = folder.assetcatalog; path = Assets.xcassets; sourceTree = "<group>"; };
		55C25B9A2A60D8C800E52C5F /* Home.entitlements */ = {isa = PBXFileReference; lastKnownFileType = text.plist.entitlements; path = Home.entitlements; sourceTree = "<group>"; };
		55C25B9C2A60D8C800E52C5F /* Preview Assets.xcassets */ = {isa = PBXFileReference; lastKnownFileType = folder.assetcatalog; path = "Preview Assets.xcassets"; sourceTree = "<group>"; };
		55C25BA32A60D8F200E52C5F /* Data */ = {isa = PBXFileReference; lastKnownFileType = wrapper; path = Data; sourceTree = "<group>"; };
		55C25BA42A60DA0A00E52C5F /* Config.xcconfig */ = {isa = PBXFileReference; lastKnownFileType = text.xcconfig; path = Config.xcconfig; sourceTree = "<group>"; };
		55C25BA52A60DB8B00E52C5F /* Info.plist */ = {isa = PBXFileReference; lastKnownFileType = text.plist; path = Info.plist; sourceTree = "<group>"; };
		55C25BA72A60FB6B00E52C5F /* WebSocket.swift */ = {isa = PBXFileReference; lastKnownFileType = sourcecode.swift; path = WebSocket.swift; sourceTree = "<group>"; };
		55E63B172A617164002068A5 /* URLSessionWebSocketTask+Stream.swift */ = {isa = PBXFileReference; lastKnownFileType = sourcecode.swift; path = "URLSessionWebSocketTask+Stream.swift"; sourceTree = "<group>"; };
		55E63B192A618C88002068A5 /* AuthenticationMessage.swift */ = {isa = PBXFileReference; lastKnownFileType = sourcecode.swift; path = AuthenticationMessage.swift; sourceTree = "<group>"; };
		55E63B1B2A618FC0002068A5 /* Common */ = {isa = PBXFileReference; lastKnownFileType = wrapper; path = Common; sourceTree = "<group>"; };
		55E63B202A619059002068A5 /* Logger.swift */ = {isa = PBXFileReference; lastKnownFileType = sourcecode.swift; path = Logger.swift; sourceTree = "<group>"; };
/* End PBXFileReference section */

/* Begin PBXFrameworksBuildPhase section */
		55C25B8E2A60D8C700E52C5F /* Frameworks */ = {
			isa = PBXFrameworksBuildPhase;
			buildActionMask = 2147483647;
			files = (
				55C25BAB2A60FD8D00E52C5F /* Data in Frameworks */,
				55E63B1D2A619025002068A5 /* Common in Frameworks */,
			);
			runOnlyForDeploymentPostprocessing = 0;
		};
/* End PBXFrameworksBuildPhase section */

/* Begin PBXGroup section */
		55C25B882A60D8C700E52C5F = {
			isa = PBXGroup;
			children = (
				55E63B1B2A618FC0002068A5 /* Common */,
				55C25BA32A60D8F200E52C5F /* Data */,
				55C25B932A60D8C700E52C5F /* Home */,
				55C25B922A60D8C700E52C5F /* Products */,
				55C25BA92A60FD8D00E52C5F /* Frameworks */,
			);
			sourceTree = "<group>";
		};
		55C25B922A60D8C700E52C5F /* Products */ = {
			isa = PBXGroup;
			children = (
				55C25B912A60D8C700E52C5F /* Home.app */,
			);
			name = Products;
			sourceTree = "<group>";
		};
		55C25B932A60D8C700E52C5F /* Home */ = {
			isa = PBXGroup;
			children = (
				55C25B942A60D8C700E52C5F /* HomeApp.swift */,
				55C25B962A60D8C700E52C5F /* ContentView.swift */,
				55C25B982A60D8C800E52C5F /* Assets.xcassets */,
				55C25BA52A60DB8B00E52C5F /* Info.plist */,
				55C25B9A2A60D8C800E52C5F /* Home.entitlements */,
				55E63B1E2A619032002068A5 /* Common */,
				55C25BA62A60FB5200E52C5F /* Infrestructure */,
				55C25B9B2A60D8C800E52C5F /* Preview Content */,
				55C25BA42A60DA0A00E52C5F /* Config.xcconfig */,
			);
			path = Home;
			sourceTree = "<group>";
		};
		55C25B9B2A60D8C800E52C5F /* Preview Content */ = {
			isa = PBXGroup;
			children = (
				55C25B9C2A60D8C800E52C5F /* Preview Assets.xcassets */,
			);
			path = "Preview Content";
			sourceTree = "<group>";
		};
		55C25BA62A60FB5200E52C5F /* Infrestructure */ = {
			isa = PBXGroup;
			children = (
				55E63B222A61E7D7002068A5 /* Models */,
				55C25BA72A60FB6B00E52C5F /* WebSocket.swift */,
				55E63B172A617164002068A5 /* URLSessionWebSocketTask+Stream.swift */,
			);
			path = Infrestructure;
			sourceTree = "<group>";
		};
		55C25BA92A60FD8D00E52C5F /* Frameworks */ = {
			isa = PBXGroup;
			children = (
			);
			name = Frameworks;
			sourceTree = "<group>";
		};
		55E63B1E2A619032002068A5 /* Common */ = {
			isa = PBXGroup;
			children = (
				55E63B202A619059002068A5 /* Logger.swift */,
			);
			path = Common;
			sourceTree = "<group>";
		};
		55E63B222A61E7D7002068A5 /* Models */ = {
			isa = PBXGroup;
			children = (
				55E63B192A618C88002068A5 /* AuthenticationMessage.swift */,
			);
			path = Models;
			sourceTree = "<group>";
		};
/* End PBXGroup section */

/* Begin PBXNativeTarget section */
		55C25B902A60D8C700E52C5F /* Home */ = {
			isa = PBXNativeTarget;
			buildConfigurationList = 55C25BA02A60D8C800E52C5F /* Build configuration list for PBXNativeTarget "Home" */;
			buildPhases = (
				55C25B8D2A60D8C700E52C5F /* Sources */,
				55C25B8E2A60D8C700E52C5F /* Frameworks */,
				55C25B8F2A60D8C700E52C5F /* Resources */,
			);
			buildRules = (
			);
			dependencies = (
			);
			name = Home;
			packageProductDependencies = (
				55C25BAA2A60FD8D00E52C5F /* Data */,
				55E63B1C2A619025002068A5 /* Common */,
			);
			productName = Home;
			productReference = 55C25B912A60D8C700E52C5F /* Home.app */;
			productType = "com.apple.product-type.application";
		};
/* End PBXNativeTarget section */

/* Begin PBXProject section */
		55C25B892A60D8C700E52C5F /* Project object */ = {
			isa = PBXProject;
			attributes = {
				BuildIndependentTargetsInParallel = 1;
				LastSwiftUpdateCheck = 1430;
				LastUpgradeCheck = 1430;
				TargetAttributes = {
					55C25B902A60D8C700E52C5F = {
						CreatedOnToolsVersion = 14.3.1;
					};
				};
			};
			buildConfigurationList = 55C25B8C2A60D8C700E52C5F /* Build configuration list for PBXProject "Home" */;
			compatibilityVersion = "Xcode 14.0";
			developmentRegion = en;
			hasScannedForEncodings = 0;
			knownRegions = (
				en,
				Base,
			);
			mainGroup = 55C25B882A60D8C700E52C5F;
			productRefGroup = 55C25B922A60D8C700E52C5F /* Products */;
			projectDirPath = "";
			projectRoot = "";
			targets = (
				55C25B902A60D8C700E52C5F /* Home */,
			);
		};
/* End PBXProject section */

/* Begin PBXResourcesBuildPhase section */
		55C25B8F2A60D8C700E52C5F /* Resources */ = {
			isa = PBXResourcesBuildPhase;
			buildActionMask = 2147483647;
			files = (
				55C25B9D2A60D8C800E52C5F /* Preview Assets.xcassets in Resources */,
				55C25B992A60D8C800E52C5F /* Assets.xcassets in Resources */,
			);
			runOnlyForDeploymentPostprocessing = 0;
		};
/* End PBXResourcesBuildPhase section */

/* Begin PBXSourcesBuildPhase section */
		55C25B8D2A60D8C700E52C5F /* Sources */ = {
			isa = PBXSourcesBuildPhase;
			buildActionMask = 2147483647;
			files = (
				55E63B1A2A618C88002068A5 /* AuthenticationMessage.swift in Sources */,
				55E63B212A619059002068A5 /* Logger.swift in Sources */,
				55C25B972A60D8C700E52C5F /* ContentView.swift in Sources */,
				55C25BA82A60FB6B00E52C5F /* WebSocket.swift in Sources */,
				55C25B952A60D8C700E52C5F /* HomeApp.swift in Sources */,
				55E63B182A617164002068A5 /* URLSessionWebSocketTask+Stream.swift in Sources */,
			);
			runOnlyForDeploymentPostprocessing = 0;
		};
/* End PBXSourcesBuildPhase section */

/* Begin XCBuildConfiguration section */
		55C25B9E2A60D8C800E52C5F /* Debug */ = {
			isa = XCBuildConfiguration;
			baseConfigurationReference = 55C25BA42A60DA0A00E52C5F /* Config.xcconfig */;
			buildSettings = {
				ALWAYS_SEARCH_USER_PATHS = NO;
				CLANG_ANALYZER_NONNULL = YES;
				CLANG_ANALYZER_NUMBER_OBJECT_CONVERSION = YES_AGGRESSIVE;
				CLANG_CXX_LANGUAGE_STANDARD = "gnu++20";
				CLANG_ENABLE_MODULES = YES;
				CLANG_ENABLE_OBJC_ARC = YES;
				CLANG_ENABLE_OBJC_WEAK = YES;
				CLANG_WARN_BLOCK_CAPTURE_AUTORELEASING = YES;
				CLANG_WARN_BOOL_CONVERSION = YES;
				CLANG_WARN_COMMA = YES;
				CLANG_WARN_CONSTANT_CONVERSION = YES;
				CLANG_WARN_DEPRECATED_OBJC_IMPLEMENTATIONS = YES;
				CLANG_WARN_DIRECT_OBJC_ISA_USAGE = YES_ERROR;
				CLANG_WARN_DOCUMENTATION_COMMENTS = YES;
				CLANG_WARN_EMPTY_BODY = YES;
				CLANG_WARN_ENUM_CONVERSION = YES;
				CLANG_WARN_INFINITE_RECURSION = YES;
				CLANG_WARN_INT_CONVERSION = YES;
				CLANG_WARN_NON_LITERAL_NULL_CONVERSION = YES;
				CLANG_WARN_OBJC_IMPLICIT_RETAIN_SELF = YES;
				CLANG_WARN_OBJC_LITERAL_CONVERSION = YES;
				CLANG_WARN_OBJC_ROOT_CLASS = YES_ERROR;
				CLANG_WARN_QUOTED_INCLUDE_IN_FRAMEWORK_HEADER = YES;
				CLANG_WARN_RANGE_LOOP_ANALYSIS = YES;
				CLANG_WARN_STRICT_PROTOTYPES = YES;
				CLANG_WARN_SUSPICIOUS_MOVE = YES;
				CLANG_WARN_UNGUARDED_AVAILABILITY = YES_AGGRESSIVE;
				CLANG_WARN_UNREACHABLE_CODE = YES;
				CLANG_WARN__DUPLICATE_METHOD_MATCH = YES;
				COPY_PHASE_STRIP = NO;
				DEBUG_INFORMATION_FORMAT = dwarf;
				ENABLE_STRICT_OBJC_MSGSEND = YES;
				ENABLE_TESTABILITY = YES;
				GCC_C_LANGUAGE_STANDARD = gnu11;
				GCC_DYNAMIC_NO_PIC = NO;
				GCC_NO_COMMON_BLOCKS = YES;
				GCC_OPTIMIZATION_LEVEL = 0;
				GCC_PREPROCESSOR_DEFINITIONS = (
					"DEBUG=1",
					"$(inherited)",
				);
				GCC_WARN_64_TO_32_BIT_CONVERSION = YES;
				GCC_WARN_ABOUT_RETURN_TYPE = YES_ERROR;
				GCC_WARN_UNDECLARED_SELECTOR = YES;
				GCC_WARN_UNINITIALIZED_AUTOS = YES_AGGRESSIVE;
				GCC_WARN_UNUSED_FUNCTION = YES;
				GCC_WARN_UNUSED_VARIABLE = YES;
				MTL_ENABLE_DEBUG_INFO = INCLUDE_SOURCE;
				MTL_FAST_MATH = YES;
				ONLY_ACTIVE_ARCH = YES;
				SWIFT_ACTIVE_COMPILATION_CONDITIONS = DEBUG;
				SWIFT_OPTIMIZATION_LEVEL = "-Onone";
			};
			name = Debug;
		};
		55C25B9F2A60D8C800E52C5F /* Release */ = {
			isa = XCBuildConfiguration;
			baseConfigurationReference = 55C25BA42A60DA0A00E52C5F /* Config.xcconfig */;
			buildSettings = {
				ALWAYS_SEARCH_USER_PATHS = NO;
				CLANG_ANALYZER_NONNULL = YES;
				CLANG_ANALYZER_NUMBER_OBJECT_CONVERSION = YES_AGGRESSIVE;
				CLANG_CXX_LANGUAGE_STANDARD = "gnu++20";
				CLANG_ENABLE_MODULES = YES;
				CLANG_ENABLE_OBJC_ARC = YES;
				CLANG_ENABLE_OBJC_WEAK = YES;
				CLANG_WARN_BLOCK_CAPTURE_AUTORELEASING = YES;
				CLANG_WARN_BOOL_CONVERSION = YES;
				CLANG_WARN_COMMA = YES;
				CLANG_WARN_CONSTANT_CONVERSION = YES;
				CLANG_WARN_DEPRECATED_OBJC_IMPLEMENTATIONS = YES;
				CLANG_WARN_DIRECT_OBJC_ISA_USAGE = YES_ERROR;
				CLANG_WARN_DOCUMENTATION_COMMENTS = YES;
				CLANG_WARN_EMPTY_BODY = YES;
				CLANG_WARN_ENUM_CONVERSION = YES;
				CLANG_WARN_INFINITE_RECURSION = YES;
				CLANG_WARN_INT_CONVERSION = YES;
				CLANG_WARN_NON_LITERAL_NULL_CONVERSION = YES;
				CLANG_WARN_OBJC_IMPLICIT_RETAIN_SELF = YES;
				CLANG_WARN_OBJC_LITERAL_CONVERSION = YES;
				CLANG_WARN_OBJC_ROOT_CLASS = YES_ERROR;
				CLANG_WARN_QUOTED_INCLUDE_IN_FRAMEWORK_HEADER = YES;
				CLANG_WARN_RANGE_LOOP_ANALYSIS = YES;
				CLANG_WARN_STRICT_PROTOTYPES = YES;
				CLANG_WARN_SUSPICIOUS_MOVE = YES;
				CLANG_WARN_UNGUARDED_AVAILABILITY = YES_AGGRESSIVE;
				CLANG_WARN_UNREACHABLE_CODE = YES;
				CLANG_WARN__DUPLICATE_METHOD_MATCH = YES;
				COPY_PHASE_STRIP = NO;
				DEBUG_INFORMATION_FORMAT = "dwarf-with-dsym";
				ENABLE_NS_ASSERTIONS = NO;
				ENABLE_STRICT_OBJC_MSGSEND = YES;
				GCC_C_LANGUAGE_STANDARD = gnu11;
				GCC_NO_COMMON_BLOCKS = YES;
				GCC_WARN_64_TO_32_BIT_CONVERSION = YES;
				GCC_WARN_ABOUT_RETURN_TYPE = YES_ERROR;
				GCC_WARN_UNDECLARED_SELECTOR = YES;
				GCC_WARN_UNINITIALIZED_AUTOS = YES_AGGRESSIVE;
				GCC_WARN_UNUSED_FUNCTION = YES;
				GCC_WARN_UNUSED_VARIABLE = YES;
				MTL_ENABLE_DEBUG_INFO = NO;
				MTL_FAST_MATH = YES;
				SWIFT_COMPILATION_MODE = wholemodule;
				SWIFT_OPTIMIZATION_LEVEL = "-O";
			};
			name = Release;
		};
		55C25BA12A60D8C800E52C5F /* Debug */ = {
			isa = XCBuildConfiguration;
			buildSettings = {
				ASSETCATALOG_COMPILER_APPICON_NAME = AppIcon;
				ASSETCATALOG_COMPILER_GLOBAL_ACCENT_COLOR_NAME = AccentColor;
				CODE_SIGN_ENTITLEMENTS = Home/Home.entitlements;
				CODE_SIGN_STYLE = Automatic;
				CURRENT_PROJECT_VERSION = 1;
				DEVELOPMENT_ASSET_PATHS = "\"Home/Preview Content\"";
				DEVELOPMENT_TEAM = GYLCJG59BK;
				ENABLE_HARDENED_RUNTIME = YES;
				ENABLE_PREVIEWS = YES;
				GENERATE_INFOPLIST_FILE = YES;
				INFOPLIST_FILE = Home/Info.plist;
				"INFOPLIST_KEY_UIApplicationSceneManifest_Generation[sdk=iphoneos*]" = YES;
				"INFOPLIST_KEY_UIApplicationSceneManifest_Generation[sdk=iphonesimulator*]" = YES;
				"INFOPLIST_KEY_UIApplicationSupportsIndirectInputEvents[sdk=iphoneos*]" = YES;
				"INFOPLIST_KEY_UIApplicationSupportsIndirectInputEvents[sdk=iphonesimulator*]" = YES;
				"INFOPLIST_KEY_UILaunchScreen_Generation[sdk=iphoneos*]" = YES;
				"INFOPLIST_KEY_UILaunchScreen_Generation[sdk=iphonesimulator*]" = YES;
				"INFOPLIST_KEY_UIStatusBarStyle[sdk=iphoneos*]" = UIStatusBarStyleDefault;
				"INFOPLIST_KEY_UIStatusBarStyle[sdk=iphonesimulator*]" = UIStatusBarStyleDefault;
				INFOPLIST_KEY_UISupportedInterfaceOrientations_iPad = "UIInterfaceOrientationPortrait UIInterfaceOrientationPortraitUpsideDown UIInterfaceOrientationLandscapeLeft UIInterfaceOrientationLandscapeRight";
				INFOPLIST_KEY_UISupportedInterfaceOrientations_iPhone = "UIInterfaceOrientationPortrait UIInterfaceOrientationLandscapeLeft UIInterfaceOrientationLandscapeRight";
				IPHONEOS_DEPLOYMENT_TARGET = 16.4;
				LD_RUNPATH_SEARCH_PATHS = "@executable_path/Frameworks";
				"LD_RUNPATH_SEARCH_PATHS[sdk=macosx*]" = "@executable_path/../Frameworks";
				MACOSX_DEPLOYMENT_TARGET = 13.3;
				MARKETING_VERSION = 1.0;
				PRODUCT_BUNDLE_IDENTIFIER = dev.brenoaquino.Home;
				PRODUCT_NAME = "$(TARGET_NAME)";
				SDKROOT = auto;
				SUPPORTED_PLATFORMS = "iphoneos iphonesimulator macosx";
				SWIFT_EMIT_LOC_STRINGS = YES;
				SWIFT_VERSION = 5.0;
				TARGETED_DEVICE_FAMILY = "1,2";
			};
			name = Debug;
		};
		55C25BA22A60D8C800E52C5F /* Release */ = {
			isa = XCBuildConfiguration;
			buildSettings = {
				ASSETCATALOG_COMPILER_APPICON_NAME = AppIcon;
				ASSETCATALOG_COMPILER_GLOBAL_ACCENT_COLOR_NAME = AccentColor;
				CODE_SIGN_ENTITLEMENTS = Home/Home.entitlements;
				CODE_SIGN_STYLE = Automatic;
				CURRENT_PROJECT_VERSION = 1;
				DEVELOPMENT_ASSET_PATHS = "\"Home/Preview Content\"";
				DEVELOPMENT_TEAM = GYLCJG59BK;
				ENABLE_HARDENED_RUNTIME = YES;
				ENABLE_PREVIEWS = YES;
				GENERATE_INFOPLIST_FILE = YES;
				INFOPLIST_FILE = Home/Info.plist;
				"INFOPLIST_KEY_UIApplicationSceneManifest_Generation[sdk=iphoneos*]" = YES;
				"INFOPLIST_KEY_UIApplicationSceneManifest_Generation[sdk=iphonesimulator*]" = YES;
				"INFOPLIST_KEY_UIApplicationSupportsIndirectInputEvents[sdk=iphoneos*]" = YES;
				"INFOPLIST_KEY_UIApplicationSupportsIndirectInputEvents[sdk=iphonesimulator*]" = YES;
				"INFOPLIST_KEY_UILaunchScreen_Generation[sdk=iphoneos*]" = YES;
				"INFOPLIST_KEY_UILaunchScreen_Generation[sdk=iphonesimulator*]" = YES;
				"INFOPLIST_KEY_UIStatusBarStyle[sdk=iphoneos*]" = UIStatusBarStyleDefault;
				"INFOPLIST_KEY_UIStatusBarStyle[sdk=iphonesimulator*]" = UIStatusBarStyleDefault;
				INFOPLIST_KEY_UISupportedInterfaceOrientations_iPad = "UIInterfaceOrientationPortrait UIInterfaceOrientationPortraitUpsideDown UIInterfaceOrientationLandscapeLeft UIInterfaceOrientationLandscapeRight";
				INFOPLIST_KEY_UISupportedInterfaceOrientations_iPhone = "UIInterfaceOrientationPortrait UIInterfaceOrientationLandscapeLeft UIInterfaceOrientationLandscapeRight";
				IPHONEOS_DEPLOYMENT_TARGET = 16.4;
				LD_RUNPATH_SEARCH_PATHS = "@executable_path/Frameworks";
				"LD_RUNPATH_SEARCH_PATHS[sdk=macosx*]" = "@executable_path/../Frameworks";
				MACOSX_DEPLOYMENT_TARGET = 13.3;
				MARKETING_VERSION = 1.0;
				PRODUCT_BUNDLE_IDENTIFIER = dev.brenoaquino.Home;
				PRODUCT_NAME = "$(TARGET_NAME)";
				SDKROOT = auto;
				SUPPORTED_PLATFORMS = "iphoneos iphonesimulator macosx";
				SWIFT_EMIT_LOC_STRINGS = YES;
				SWIFT_VERSION = 5.0;
				TARGETED_DEVICE_FAMILY = "1,2";
			};
			name = Release;
		};
/* End XCBuildConfiguration section */

/* Begin XCConfigurationList section */
		55C25B8C2A60D8C700E52C5F /* Build configuration list for PBXProject "Home" */ = {
			isa = XCConfigurationList;
			buildConfigurations = (
				55C25B9E2A60D8C800E52C5F /* Debug */,
				55C25B9F2A60D8C800E52C5F /* Release */,
			);
			defaultConfigurationIsVisible = 0;
			defaultConfigurationName = Release;
		};
		55C25BA02A60D8C800E52C5F /* Build configuration list for PBXNativeTarget "Home" */ = {
			isa = XCConfigurationList;
			buildConfigurations = (
				55C25BA12A60D8C800E52C5F /* Debug */,
				55C25BA22A60D8C800E52C5F /* Release */,
			);
			defaultConfigurationIsVisible = 0;
			defaultConfigurationName = Release;
		};
/* End XCConfigurationList section */

/* Begin XCSwiftPackageProductDependency section */
		55C25BAA2A60FD8D00E52C5F /* Data */ = {
			isa = XCSwiftPackageProductDependency;
			productName = Data;
		};
		55E63B1C2A619025002068A5 /* Common */ = {
			isa = XCSwiftPackageProductDependency;
			productName = Common;
		};
/* End XCSwiftPackageProductDependency section */
	};
	rootObject = 55C25B892A60D8C700E52C5F /* Project object */;
}
